{
  "version": "5",
  "specifiers": {
    "npm:@lizenz/checker@0.0.2": "0.0.2"
  },
  "npm": {
    "@gar/promise-retry@1.0.3": {
      "integrity": "sha512-GmzA9ckNokPypTg10pgpeHNQe7ph+iIKKmhKu3Ob9ANkswreCx7R3cKmY781K8QK3AqVL3xVh9A42JvIAbkkSA=="
    },
    "@isaacs/fs-minipass@4.0.1": {
      "integrity": "sha512-wgm9Ehl2jpeqP3zw/7mo3kRHFp5MEDhqAdwy1fTGkHAwnkGOVsgpvQhL8B5n1qlb01jV3n/bI0ZfZp5lWA1k4w==",
      "dependencies": [
        "minipass@7.1.3"
      ]
    },
    "@isaacs/string-locale-compare@1.1.0": {
      "integrity": "sha512-SQ7Kzhh9+D+ZW9MA0zkYv3VXhIDNx+LzM6EJ+/65I3QY+enU6Itte7E5XX7EWrqLW2FN4n06GWzBnPoC3th2aQ=="
    },
    "@lizenz/checker@0.0.2": {
      "integrity": "sha512-+9zMCCmcFoYpzG3cwUpYeMHbmY6clZ1jyOP8lwa4rfX+2oP0MBNLLqo+tRwbw652Kt50+KAk840dS0Q7q5IlSA==",
      "dependencies": [
        "@npmcli/arborist",
        "@npmcli/package-json@8.0.0",
        "chalk",
        "debug",
        "nopt@10.0.1",
        "semver",
        "spdx-correct",
        "spdx-expression-parse@4.0.0",
        "spdx-satisfies",
        "treeify"
      ],
      "bin": true
    },
    "@npmcli/agent@4.0.2": {
      "integrity": "sha512-EUEuWAxnL07Sp5/iC/1X6Xj+XThUvnbei9zfRWZdEXa7lss9RTHMhAHBeg+MZ5To9s/gGaSI+UwZTPdYMvKSeg==",
      "dependencies": [
        "agent-base",
        "http-proxy-agent",
        "https-proxy-agent",
        "lru-cache",
        "socks-proxy-agent"
      ]
    },
    "@npmcli/arborist@9.9.1": {
      "integrity": "sha512-K0mr16xJ/yiTApeGIFbpgZSvJFOvxO2VJnCBhP543t9NTlHzgL+ewpG0kaWv9xkjeESAlRWHG9Q4lbT/LqHbWw==",
      "dependencies": [
        "@gar/promise-retry",
        "@isaacs/string-locale-compare",
        "@npmcli/fs",
        "@npmcli/installed-package-contents",
        "@npmcli/map-workspaces",
        "@npmcli/metavuln-calculator",
        "@npmcli/name-from-folder",
        "@npmcli/node-gyp",
        "@npmcli/package-json@7.0.5",
        "@npmcli/query",
        "@npmcli/redact",
        "@npmcli/run-script",
        "bin-links",
        "cacache",
        "common-ancestor-path",
        "hosted-git-info@9.0.3",
        "json-stringify-nice",
        "lru-cache",
        "minimatch",
        "nopt@9.0.0",
        "npm-install-checks@8.0.0",
        "npm-package-arg@13.0.2",
        "npm-pick-manifest@11.0.3",
        "npm-registry-fetch",
        "pacote",
        "parse-conflict-json",
        "proc-log@6.1.0",
        "proggy",
        "promise-all-reject-late",
        "promise-call-limit",
        "semver",
        "ssri",
        "treeverse",
        "walk-up-path"
      ],
      "bin": true
    },
    "@npmcli/fs@5.0.0": {
      "integrity": "sha512-7OsC1gNORBEawOa5+j2pXN9vsicaIOH5cPXxoR6fJOmH6/EXpJB2CajXOu1fPRFun2m1lktEFX11+P89hqO/og==",
      "dependencies": [
        "semver"
      ]
    },
    "@npmcli/git@7.0.2": {
      "integrity": "sha512-oeolHDjExNAJAnlYP2qzNjMX/Xi9bmu78C9dIGr4xjobrSKbuMYCph8lTzn4vnW3NjIqVmw/f8BCfouqyJXlRg==",
      "dependencies": [
        "@gar/promise-retry",
        "@npmcli/promise-spawn@9.0.1",
        "ini@6.0.0",
        "lru-cache",
        "npm-pick-manifest@11.0.3",
        "proc-log@6.1.0",
        "semver",
        "which@6.0.1"
      ]
    },
    "@npmcli/git@8.0.0": {
      "integrity": "sha512-5P1oo+TbxZNAiiMBtpzHA8QyEGh5D69LYLexNWJEDXLdxnAZvT/SLitGJBXxjtCE4ftAcFOS/Tu2185MeIjooQ==",
      "dependencies": [
        "@gar/promise-retry",
        "@npmcli/promise-spawn@10.0.0",
        "ini@7.0.0",
        "lru-cache",
        "npm-pick-manifest@12.0.0",
        "proc-log@7.0.0",
        "semver",
        "which@7.0.0"
      ]
    },
    "@npmcli/installed-package-contents@4.0.0": {
      "integrity": "sha512-yNyAdkBxB72gtZ4GrwXCM0ZUedo9nIbOMKfGjt6Cu6DXf0p8y1PViZAKDC8q8kv/fufx0WTjRBdSlyrvnP7hmA==",
      "dependencies": [
        "npm-bundled",
        "npm-normalize-package-bin@5.0.0"
      ],
      "bin": true
    },
    "@npmcli/map-workspaces@5.0.3": {
      "integrity": "sha512-o2grssXo1e774E5OtEwwrgoszYRh0lqkJH+Pb9r78UcqdGJRDRfhpM8DvZPjzNLLNYeD/rNbjOKM3Ss5UABROw==",
      "dependencies": [
        "@npmcli/name-from-folder",
        "@npmcli/package-json@7.0.5",
        "glob",
        "minimatch"
      ]
    },
    "@npmcli/metavuln-calculator@9.0.3": {
      "integrity": "sha512-94GLSYhLXF2t2LAC7pDwLaM4uCARzxShyAQKsirmlNcpidH89VA4/+K1LbJmRMgz5gy65E/QBBWQdUvGLe2Frg==",
      "dependencies": [
        "cacache",
        "json-parse-even-better-errors@5.0.0",
        "pacote",
        "proc-log@6.1.0",
        "semver"
      ]
    },
    "@npmcli/name-from-folder@4.0.0": {
      "integrity": "sha512-qfrhVlOSqmKM8i6rkNdZzABj8MKEITGFAY+4teqBziksCQAOLutiAxM1wY2BKEd8KjUSpWmWCYxvXr0y4VTlPg=="
    },
    "@npmcli/node-gyp@5.0.0": {
      "integrity": "sha512-uuG5HZFXLfyFKqg8QypsmgLQW7smiRjVc45bqD/ofZZcR/uxEjgQU8qDPv0s9TEeMUiAAU/GC5bR6++UdTirIQ=="
    },
    "@npmcli/package-json@7.0.5": {
      "integrity": "sha512-iVuTlG3ORq2iaVa1IWUxAO/jIp77tUKBhoMjuzYW2kL4MLN1bi/ofqkZ7D7OOwh8coAx1/S2ge0rMdGv8sLSOQ==",
      "dependencies": [
        "@npmcli/git@7.0.2",
        "glob",
        "hosted-git-info@9.0.3",
        "json-parse-even-better-errors@5.0.0",
        "proc-log@6.1.0",
        "semver",
        "spdx-expression-parse@4.0.0"
      ]
    },
    "@npmcli/package-json@8.0.0": {
      "integrity": "sha512-agNZzYQ18MR0wKp3Emg1q5QbcC8CXigYp3Z3CvB0Sax9Ge9aF4cVyyuSG+5SbACSrZUKTvMjVULWiE1RJA38wg==",
      "dependencies": [
        "@npmcli/git@8.0.0",
        "glob",
        "hosted-git-info@10.1.1",
        "json-parse-even-better-errors@6.0.0",
        "proc-log@7.0.0",
        "semver",
        "spdx-expression-parse@4.0.0"
      ]
    },
    "@npmcli/promise-spawn@10.0.0": {
      "integrity": "sha512-llZkSzeTsimFx64U+ThT2xQM2uEce8GIQUYvxgbB6ZFvBhV2LP9LeJJb3HT+syG0uCFLsTCHjV9SfC0WNU1vtA==",
      "dependencies": [
        "which@7.0.0"
      ]
    },
    "@npmcli/promise-spawn@9.0.1": {
      "integrity": "sha512-OLUaoqBuyxeTqUvjA3FZFiXUfYC1alp3Sa99gW3EUDz3tZ3CbXDdcZ7qWKBzicrJleIgucoWamWH1saAmH/l2Q==",
      "dependencies": [
        "which@6.0.1"
      ]
    },
    "@npmcli/query@5.0.0": {
      "integrity": "sha512-8TZWfTQOsODpLqo9SVhVjHovmKXNpevHU0gO9e+y4V4fRIOneiXy0u0sMP9LmS71XivrEWfZWg50ReH4WRT4aQ==",
      "dependencies": [
        "postcss-selector-parser"
      ]
    },
    "@npmcli/redact@4.0.0": {
      "integrity": "sha512-gOBg5YHMfZy+TfHArfVogwgfBeQnKbbGo3pSUyK/gSI0AVu+pEiDVcKlQb0D8Mg1LNRZILZ6XG8I5dJ4KuAd9Q=="
    },
    "@npmcli/run-script@10.0.4": {
      "integrity": "sha512-mGUWr1uMnf0le2TwfOZY4SFxZGXGfm4Jtay/nwAa2FLNAKXUoUwaGwBMNH36UHPtinWfTSJ3nqFQr0091CxVGg==",
      "dependencies": [
        "@npmcli/node-gyp",
        "@npmcli/package-json@7.0.5",
        "@npmcli/promise-spawn@9.0.1",
        "node-gyp",
        "proc-log@6.1.0"
      ]
    },
    "@sigstore/bundle@4.0.0": {
      "integrity": "sha512-NwCl5Y0V6Di0NexvkTqdoVfmjTaQwoLM236r89KEojGmq/jMls8S+zb7yOwAPdXvbwfKDlP+lmXgAL4vKSQT+A==",
      "dependencies": [
        "@sigstore/protobuf-specs"
      ]
    },
    "@sigstore/core@3.2.1": {
      "integrity": "sha512-qRsxPnCrbC/puegGxKuynfnxgLiHqWStrSjxkoB4YKqq3Z3s4cyZyj42ZdWFAEblNP65C+rBH8EuREHIXoi83g=="
    },
    "@sigstore/protobuf-specs@0.5.2": {
      "integrity": "sha512-SQqvFMt4V78fdjcDdYX6HbiVSOR4QK3ZgwCa2KOsopAgPIHy1rU5UDUmzLl02r5oyyaYcYHR1hpwDRk/yUe+Mw=="
    },
    "@sigstore/sign@4.1.1": {
      "integrity": "sha512-Hf4xglukg0XXQ2RiD5vSoLjdPe8OBUPA8XeVjUObheuDcWdYWrnH/BNmxZCzkAy68MzmNCxXLeurJvs6hcP2OQ==",
      "dependencies": [
        "@gar/promise-retry",
        "@sigstore/bundle",
        "@sigstore/core",
        "@sigstore/protobuf-specs",
        "make-fetch-happen",
        "proc-log@6.1.0"
      ]
    },
    "@sigstore/tuf@4.0.2": {
      "integrity": "sha512-TCAzTy0xzdP79EnxSjq9KQ3eaR7+FmudLC6eRKknVKZbV7ZNlGLClAAQb/HMNJ5n2OBNk2GT1tEmU0xuPr+SLQ==",
      "dependencies": [
        "@sigstore/protobuf-specs",
        "tuf-js"
      ]
    },
    "@sigstore/verify@3.1.1": {
      "integrity": "sha512-qv7+G3J2cc6wwFj3yKvXOamzqhMwSk1ogPGmhpS8iXllcPrJaIIBA+4HbttlHVu1pqWTdmaCH/WE7UOC51kdoA==",
      "dependencies": [
        "@sigstore/bundle",
        "@sigstore/core",
        "@sigstore/protobuf-specs"
      ]
    },
    "@tufjs/canonical-json@2.0.0": {
      "integrity": "sha512-yVtV8zsdo8qFHe+/3kw81dSLyF7D576A5cCFCi4X7B39tWT7SekaEFUnvnWJHz+9qO7qJTah1JbrDjWKqFtdWA=="
    },
    "@tufjs/models@4.1.0": {
      "integrity": "sha512-Y8cK9aggNRsqJVaKUlEYs4s7CvQ1b1ta2DVPyAimb0I2qhzjNk+A+mxvll/klL0RlfuIUei8BF7YWiua4kQqww==",
      "dependencies": [
        "@tufjs/canonical-json",
        "minimatch"
      ]
    },
    "abbrev@4.0.0": {
      "integrity": "sha512-a1wflyaL0tHtJSmLSOVybYhy22vRih4eduhhrkcjgrWGnRfrZtovJ2FRjxuTtkkj47O/baf0R86QU5OuYpz8fA=="
    },
    "abbrev@5.0.0": {
      "integrity": "sha512-/XrFJgzQQQHpti1raDJC6m4ws6aNktmjBlhk8Fdlk7LwCEuDoieEJJY9OFHjfiFJFFRM2tK+Ky/IsfbbmlMu1w=="
    },
    "agent-base@7.1.4": {
      "integrity": "sha512-MnA+YT8fwfJPgBx3m60MNqakm30XOkyIoH1y6huTQvC0PwZG7ki8NacLBcrPbNoo8vEZy7Jpuk7+jMO+CUovTQ=="
    },
    "array-find-index@1.0.2": {
      "integrity": "sha512-M1HQyIXcBGtVywBt8WVdim+lrNaK7VHp99Qt5pSNziXznKHViIBbXWtfRTpEFpF/c4FdfxNAsCCwPp5phBYJtw=="
    },
    "balanced-match@4.0.4": {
      "integrity": "sha512-BLrgEcRTwX2o6gGxGOCNyMvGSp35YofuYzw9h1IMTRmKqttAZZVU67bdb9Pr2vUHA8+j3i2tJfjO6C6+4myGTA=="
    },
    "bin-links@6.0.2": {
      "integrity": "sha512-frE1t78WOwJ45PKV2cF2tNPjTcs9L1J9s6VkrV59wanRP4GlaomuxYPVma7BwthMg8WnfSory4w5PTE6FZZ81w==",
      "dependencies": [
        "cmd-shim",
        "npm-normalize-package-bin@5.0.0",
        "proc-log@6.1.0",
        "read-cmd-shim",
        "write-file-atomic"
      ]
    },
    "brace-expansion@5.0.12": {
      "integrity": "sha512-YovQ3rzhaLMIrDjNDMkNS01tea93qhEhG5xy8f6+R0l+dw3Ki+5sCoIoI942iuLZTHWogWktgwVDhU09iNEimQ==",
      "dependencies": [
        "balanced-match"
      ]
    },
    "cacache@20.0.4": {
      "integrity": "sha512-M3Lab8NPYlZU2exsL3bMVvMrMqgwCnMWfdZbK28bn3pK6APT/Te/I8hjRPNu1uwORY9a1eEQoifXbKPQMfMTOA==",
      "dependencies": [
        "@npmcli/fs",
        "fs-minipass",
        "glob",
        "lru-cache",
        "minipass@7.1.3",
        "minipass-collect",
        "minipass-flush",
        "minipass-pipeline",
        "p-map",
        "ssri"
      ]
    },
    "chalk@5.6.2": {
      "integrity": "sha512-7NzBL0rN6fMUW+f7A6Io4h40qQlG+xGmtMxfbnH/K7TAtt8JQWVQK+6g0UXKMeVJoyV5EkkNsErQ8pVD3bLHbA=="
    },
    "chownr@3.0.0": {
      "integrity": "sha512-+IxzY9BZOQd/XuYPRmrvEVjF/nqj5kgT4kEq7VofrDoM1MxoRjEWkrCC3EtLi59TVawxTAn+orJwFQcrqEN1+g=="
    },
    "cmd-shim@8.0.0": {
      "integrity": "sha512-Jk/BK6NCapZ58BKUxlSI+ouKRbjH1NLZCgJkYoab+vEHUY3f6OzpNBN9u7HFSv9J6TRDGs4PLOHezoKGaFRSCA=="
    },
    "common-ancestor-path@2.0.0": {
      "integrity": "sha512-dnN3ibLeoRf2HNC+OlCiNc5d2zxbLJXOtiZUudNFSXZrNSydxcCsSpRzXwfu7BBWCIfHPw+xTayeBvJCP/D8Ng=="
    },
    "content-type@2.1.0": {
      "integrity": "sha512-mj7UPXE0jaqaOsukNZRUEfEi2AcL7C/vwmwcHV0O97eO1E1pxBZuyjlZrx5seTaNBg1U6+o35wpa35Qfcc+7ag=="
    },
    "cssesc@3.0.0": {
      "integrity": "sha512-/Tb/JcjK111nNScGob5MNtsntNM1aCNUDipB/TkwZFhyDrrE47SOx/18wF2bbjgc3ZzCSKW1T5nt5EbFoAz/Vg==",
      "bin": true
    },
    "debug@4.4.3": {
      "integrity": "sha512-RGwwWnwQvkVfavKVt22FGLw+xYSdzARwm0ru6DhTVA3umU5hZc28V3kO4stgYryrTlLpuvgI9GiijltAjNbcqA==",
      "dependencies": [
        "ms"
      ]
    },
    "env-paths@2.2.1": {
      "integrity": "sha512-+h1lkLKhZMTYjog1VEpJNG7NZJWcuc2DDk/qsqSTRRCOXiLjeQ1d1/udrUGhqMxUgAlwKNZ0cf2uqan5GLuS2A=="
    },
    "exponential-backoff@3.1.3": {
      "integrity": "sha512-ZgEeZXj30q+I0EN+CbSSpIyPaJ5HVQD18Z1m+u1FXbAeT94mr1zw50q4q6jiiC447Nl/YTcIYSAftiGqetwXCA=="
    },
    "fdir@6.5.0_picomatch@4.0.7": {
      "integrity": "sha512-tIbYtZbucOs0BRGqPJkshJUYdL+SDH7dVM8gjy+ERp3WAUjLEFJE+02kanyHtwjWOnwrKYBiwAmM0p4kLJAnXg==",
      "dependencies": [
        "picomatch"
      ],
      "optionalPeers": [
        "picomatch"
      ]
    },
    "fs-minipass@3.0.3": {
      "integrity": "sha512-XUBA9XClHbnJWSfBzjkm6RvPsyg3sryZt06BEQoXcF7EK/xpGaQYJgQKDJSUH5SGZ76Y7pFx1QBnXz09rU5Fbw==",
      "dependencies": [
        "minipass@7.1.3"
      ]
    },
    "glob@13.0.6": {
      "integrity": "sha512-Wjlyrolmm8uDpm/ogGyXZXb1Z+Ca2B8NbJwqBVg0axK9GbBeoS7yGV6vjXnYdGm6X53iehEuxxbyiKp8QmN4Vw==",
      "dependencies": [
        "minimatch",
        "minipass@7.1.3",
        "path-scurry"
      ]
    },
    "graceful-fs@4.2.11": {
      "integrity": "sha512-RbJ5/jmFcNNCcDV5o9eTnBLJ/HszWV0P73bc+Ff4nS/rJj+YaS6IGyiOL0VoBYX+l1Wrl3k63h/KrH+nhJ0XvQ=="
    },
    "hosted-git-info@10.1.1": {
      "integrity": "sha512-DeOnSPAvOndYKfw075gt8yZzQ7S2hNztw34zBTfhIzLhmBTswIBg5/y+pqu/VD5cYWm5goAFTusDmUEmKZ0PEQ==",
      "dependencies": [
        "lru-cache"
      ]
    },
    "hosted-git-info@9.0.3": {
      "integrity": "sha512-Hc+ghLoSt6QaYZUv0WBiIvmMDZuZZ7oaDvdH8MbfOO4lOsxdXLEvuC6ePoGs9H1X9oCLyq6+NVN0MKqD+ydxyg==",
      "dependencies": [
        "lru-cache"
      ]
    },
    "http-cache-semantics@4.2.0": {
      "integrity": "sha512-dTxcvPXqPvXBQpq5dUr6mEMJX4oIEFv6bwom3FDwKRDsuIjjJGANqhBuoAn9c1RQJIdAKav33ED65E2ys+87QQ=="
    },
    "http-proxy-agent@7.0.2": {
      "integrity": "sha512-T1gkAiYYDWYx3V5Bmyu7HcfcvL7mUrTWiM6yOfa3PIphViJ/gFPbvidQ+veqSOHci/PxBcDabeUNCzpOODJZig==",
      "dependencies": [
        "agent-base",
        "debug"
      ]
    },
    "https-proxy-agent@7.0.6": {
      "integrity": "sha512-vK9P5/iUfdl95AI+JVyUuIcVtd4ofvtrOr3HNtM2yxC9bnMbEdp3x01OhQNnjb8IJYi38VlTE3mBXwcfvywuSw==",
      "dependencies": [
        "agent-base",
        "debug"
      ]
    },
    "iconv-lite@0.7.3": {
      "integrity": "sha512-IKXpvIzjnC9XTAUbVBcMfGS0EPaIXtW6v+zr+RRp+hqULEpo0owZax6wyRwPOJbWbzjYspQwusTsfVr0ifh4uQ==",
      "dependencies": [
        "safer-buffer"
      ]
    },
    "ignore-walk@8.0.0": {
      "integrity": "sha512-FCeMZT4NiRQGh+YkeKMtWrOmBgWjHjMJ26WQWrRQyoyzqevdaGSakUaJW5xQYmjLlUVk2qUnCjYVBax9EKKg8A==",
      "dependencies": [
        "minimatch"
      ]
    },
    "ini@6.0.0": {
      "integrity": "sha512-IBTdIkzZNOpqm7q3dRqJvMaldXjDHWkEDfrwGEQTs5eaQMWV+djAhR+wahyNNMAa+qpbDUhBMVt4ZKNwpPm7xQ=="
    },
    "ini@7.0.0": {
      "integrity": "sha512-ifK0CgjALofS5bkrcTy4RaQ9Vx2Knf/eLeIO+NaswQEpH1UblrtTSCIvN71qQDMq0PeQ/SSPojvEJp9vvvfr+w=="
    },
    "ip-address@10.7.2": {
      "integrity": "sha512-7H/2gFSIitxc0hG3nOI1glS8QLo/EHBFFLk8vEUjXY/xu0AdL8jZ9U1IzO2PUm0d2D/ofQcAifb0g6OBkt8U7w=="
    },
    "isexe@4.0.0": {
      "integrity": "sha512-FFUtZMpoZ8RqHS3XeXEmHWLA4thH+ZxCv2lOiPIn1Xc7CxrqhWzNSDzD+/chS/zbYezmiwWLdQC09JdQKmthOw=="
    },
    "json-parse-even-better-errors@5.0.0": {
      "integrity": "sha512-ZF1nxZ28VhQouRWhUcVlUIN3qwSgPuswK05s/HIaoetAoE/9tngVmCHjSxmSQPav1nd+lPtTL0YZ/2AFdR/iYQ=="
    },
    "json-parse-even-better-errors@6.0.0": {
      "integrity": "sha512-2/8adwnK1/+Fdjyts4r6wSpfANWw8zdNhU9U/Llk59c6O+DjSisPWPykwoL8gZmocP9Dy64S7oie2g+Mia123A=="
    },
    "json-stringify-nice@1.1.4": {
      "integrity": "sha512-5Z5RFW63yxReJ7vANgW6eZFGWaQvnPE3WNmZoOJrSkGju2etKA2L5rrOa1sm877TVTFt57A80BH1bArcmlLfPw=="
    },
    "jsonparse@1.3.1": {
      "integrity": "sha512-POQXvpdL69+CluYsillJ7SUhKvytYjW9vG/GKpnf+xP8UWgYEM/RaMzHHofbALDiKbbP1W8UEYmgGl39WkPZsg=="
    },
    "just-diff-apply@5.5.0": {
      "integrity": "sha512-OYTthRfSh55WOItVqwpefPtNt2VdKsq5AnAK6apdtR6yCH8pr0CmSr710J0Mf+WdQy7K/OzMy7K2MgAfdQURDw=="
    },
    "just-diff@6.0.2": {
      "integrity": "sha512-S59eriX5u3/QhMNq3v/gm8Kd0w8OS6Tz2FS1NG4blv+z0MuQcBRJyFWjdovM0Rad4/P4aUPFtnkNjMjyMlMSYA=="
    },
    "lru-cache@11.5.3": {
      "integrity": "sha512-U4N8FgzmWxc8k1VH8Kr6lQg18U7Fjvby6wXHVRX/ZZ7IwWbRMgrRbP0Wrb5q5NVinryp4SQampHKdvtecItxUg=="
    },
    "make-fetch-happen@15.0.6": {
      "integrity": "sha512-Je0fLJ0F5atA7F+eIlLzk+Wkcl57JDf4kf+EW8xiP5E31xOQxkIxTbgf1Oi1Lw9tRI9UEMRdI5Vz2xTzoNU1Jw==",
      "dependencies": [
        "@gar/promise-retry",
        "@npmcli/agent",
        "@npmcli/redact",
        "cacache",
        "http-cache-semantics",
        "minipass@7.1.3",
        "minipass-fetch",
        "minipass-flush",
        "minipass-pipeline",
        "negotiator",
        "proc-log@6.1.0",
        "ssri"
      ]
    },
    "minimatch@10.2.6": {
      "integrity": "sha512-vpLQEs+VLCr1nU0BXS07maYoFwlDAH0gngQuuttxIwutDFEMHq2blX+8vpgxDdK3J1PwjCJiep77OitTZ4Ll1A==",
      "dependencies": [
        "brace-expansion"
      ]
    },
    "minipass-collect@2.0.1": {
      "integrity": "sha512-D7V8PO9oaz7PWGLbCACuI1qEOsq7UKfLotx/C0Aet43fCUB/wfQ7DYeq2oR/svFJGYDHPr38SHATeaj/ZoKHKw==",
      "dependencies": [
        "minipass@7.1.3"
      ]
    },
    "minipass-fetch@5.0.2": {
      "integrity": "sha512-2d0q2a8eCi2IRg/IGubCNRJoYbA1+YPXAzQVRFmB45gdGZafyivnZ5YSEfo3JikbjGxOdntGFvBQGqaSMXlAFQ==",
      "dependencies": [
        "minipass@7.1.3",
        "minipass-sized",
        "minizlib"
      ],
      "optionalDependencies": [
        "iconv-lite"
      ]
    },
    "minipass-flush@1.0.7": {
      "integrity": "sha512-TbqTz9cUwWyHS2Dy89P3ocAGUGxKjjLuR9z8w4WUTGAVgEj17/4nhgo2Du56i0Fm3Pm30g4iA8Lcqctc76jCzA==",
      "dependencies": [
        "minipass@3.3.6"
      ]
    },
    "minipass-pipeline@1.2.4": {
      "integrity": "sha512-xuIq7cIOt09RPRJ19gdi4b+RiNvDFYe5JH+ggNvBqGqpQXcru3PcRmOZuHBKWK1Txf9+cQ+HMVN4d6z46LZP7A==",
      "dependencies": [
        "minipass@3.3.6"
      ]
    },
    "minipass-sized@2.0.0": {
      "integrity": "sha512-zSsHhto5BcUVM2m1LurnXY6M//cGhVaegT71OfOXoprxT6o780GZd792ea6FfrQkuU4usHZIUczAQMRUE2plzA==",
      "dependencies": [
        "minipass@7.1.3"
      ]
    },
    "minipass@3.3.6": {
      "integrity": "sha512-DxiNidxSEK+tHG6zOIklvNOwm3hvCrbUrdtzY74U6HKTJxvIDfOUL5W5P2Ghd3DTkhhKPYGqeNUIh5qcM4YBfw==",
      "dependencies": [
        "yallist@4.0.0"
      ]
    },
    "minipass@7.1.3": {
      "integrity": "sha512-tEBHqDnIoM/1rXME1zgka9g6Q2lcoCkxHLuc7ODJ5BxbP5d4c2Z5cGgtXAku59200Cx7diuHTOYfSBD8n6mm8A=="
    },
    "minizlib@3.1.0": {
      "integrity": "sha512-KZxYo1BUkWD2TVFLr0MQoM8vUUigWD3LlD83a/75BqC+4qE0Hb1Vo5v1FgcfaNXvfXzr+5EhQ6ing/CaBijTlw==",
      "dependencies": [
        "minipass@7.1.3"
      ]
    },
    "ms@2.1.3": {
      "integrity": "sha512-6FlzubTLZG3J2a/NVCAleEhjzq5oxgHyaCU9yYXvcLsvoVaHJq/s5xXI6/XXP6tz7R9xAOtHnSO/tXtF3WRTlA=="
    },
    "negotiator@1.1.0": {
      "integrity": "sha512-NMPBRMJgiQHjbd8phG3Vebdx4kZ1H121rbl5IkMqeOsahptB9BKo/d7oJ3zTXqTgagn2bWlNSXkh0QUGM31RYg==",
      "dependencies": [
        "content-type"
      ]
    },
    "node-gyp@12.4.0": {
      "integrity": "sha512-OMcPNvqTCFUnNaBlmdgq+lfNqY7gTiSmNRDjY3uAXRyudeKZEZxu3CLtjMQrx4zZxCX2b/mpNqTtwuCJgXhHkw==",
      "dependencies": [
        "env-paths",
        "exponential-backoff",
        "graceful-fs",
        "nopt@9.0.0",
        "proc-log@6.1.0",
        "semver",
        "tar",
        "tinyglobby",
        "undici",
        "which@6.0.1"
      ],
      "bin": true
    },
    "nopt@10.0.1": {
      "integrity": "sha512-df3sBr/6ax9hSGuC3CspvLlbnX8cP5L5nZwXF8cGN8l0zSWR6BvzmQ6jPUKjvo6+/xdpkNvEcucBNUdBeeV13g==",
      "dependencies": [
        "abbrev@5.0.0"
      ],
      "bin": true
    },
    "nopt@9.0.0": {
      "integrity": "sha512-Zhq3a+yFKrYwSBluL4H9XP3m3y5uvQkB/09CwDruCiRmR/UJYnn9W4R48ry0uGC70aeTPKLynBtscP9efFFcPw==",
      "dependencies": [
        "abbrev@4.0.0"
      ],
      "bin": true
    },
    "npm-bundled@5.0.0": {
      "integrity": "sha512-JLSpbzh6UUXIEoqPsYBvVNVmyrjVZ1fzEFbqxKkTJQkWBO3xFzFT+KDnSKQWwOQNbuWRwt5LSD6HOTLGIWzfrw==",
      "dependencies": [
        "npm-normalize-package-bin@5.0.0"
      ]
    },
    "npm-install-checks@8.0.0": {
      "integrity": "sha512-ScAUdMpyzkbpxoNekQ3tNRdFI8SJ86wgKZSQZdUxT+bj0wVFpsEMWnkXP0twVe1gJyNF5apBWDJhhIbgrIViRA==",
      "dependencies": [
        "semver"
      ]
    },
    "npm-install-checks@9.0.0": {
      "integrity": "sha512-t05Izcgi7p15cpldqoiXYpjzlkTTvBw33sgjmL/JjcvtV0ydbm2O4iEXO8A6smqComu5FAQhUas86HTMQ6Z1Uw==",
      "dependencies": [
        "semver"
      ]
    },
    "npm-normalize-package-bin@5.0.0": {
      "integrity": "sha512-CJi3OS4JLsNMmr2u07OJlhcrPxCeOeP/4xq67aWNai6TNWWbTrlNDgl8NcFKVlcBKp18GPj+EzbNIgrBfZhsag=="
    },
    "npm-normalize-package-bin@6.0.0": {
      "integrity": "sha512-tdt4aFn9QamlhdN3HV2D2ccpBwO5/fyjjbXUxYA6uBjyekMZcZvDq0aSj9t5Jo+tih6AYFnt/cuIRn9013e0Uw=="
    },
    "npm-package-arg@13.0.2": {
      "integrity": "sha512-IciCE3SY3uE84Ld8WZU23gAPPV9rIYod4F+rc+vJ7h7cwAJt9Vk6TVsK60ry7Uj3SRS3bqRRIGuTp9YVlk6WNA==",
      "dependencies": [
        "hosted-git-info@9.0.3",
        "proc-log@6.1.0",
        "semver",
        "validate-npm-package-name@7.0.2"
      ]
    },
    "npm-package-arg@14.0.0": {
      "integrity": "sha512-69XQh3k+dtGa1p+7RaR57IuG3rCko96xr/nUfN4yDYBXbTYICiWcOpsFKLN2GtGE9cyIljE+f1exnaYt9MvM+Q==",
      "dependencies": [
        "hosted-git-info@10.1.1",
        "proc-log@7.0.0",
        "semver",
        "validate-npm-package-name@8.0.0"
      ]
    },
    "npm-packlist@10.0.4": {
      "integrity": "sha512-uMW73iajD8hiH4ZBxEV3HC+eTnppIqwakjOYuvgddnalIw2lJguKviK1pcUJDlIWm1wSJkchpDZDSVVsZEYRng==",
      "dependencies": [
        "ignore-walk",
        "proc-log@6.1.0"
      ]
    },
    "npm-pick-manifest@11.0.3": {
      "integrity": "sha512-buzyCfeoGY/PxKqmBqn1IUJrZnUi1VVJTdSSRPGI60tJdUhUoSQFhs0zycJokDdOznQentgrpf8LayEHyyYlqQ==",
      "dependencies": [
        "npm-install-checks@8.0.0",
        "npm-normalize-package-bin@5.0.0",
        "npm-package-arg@13.0.2",
        "semver"
      ]
    },
    "npm-pick-manifest@12.0.0": {
      "integrity": "sha512-8Fs3YLrnNOhrCdPNZy18MzNgVC58LTDAFzq1FdZO/p3BHeCC/coz+t4F5Pxabys8HJpyTUorMea26GkXsb4J/Q==",
      "dependencies": [
        "npm-install-checks@9.0.0",
        "npm-normalize-package-bin@6.0.0",
        "npm-package-arg@14.0.0",
        "semver"
      ]
    },
    "npm-registry-fetch@19.1.1": {
      "integrity": "sha512-TakBap6OM1w0H73VZVDf44iFXsOS3h+L4wVMXmbWOQroZgFhMch0juN6XSzBNlD965yIKvWg2dfu7NSiaYLxtw==",
      "dependencies": [
        "@npmcli/redact",
        "jsonparse",
        "make-fetch-happen",
        "minipass@7.1.3",
        "minipass-fetch",
        "minizlib",
        "npm-package-arg@13.0.2",
        "proc-log@6.1.0"
      ]
    },
    "p-map@7.0.8": {
      "integrity": "sha512-MitaVsCuCFIvOLLPIU7NnfrZvS9H9h7kwMUkDo+T2pEISaJD48IV9S8iIdXB7PsvvdxyYcsSTTrr90XKsbulNw=="
    },
    "pacote@21.5.1": {
      "integrity": "sha512-KvcJ9iy3crysCsgqc4+PknH/w6jkrp8JN36mpZBPwNaDRwTfMZD37YzRazNstiZUOhuF5pno9f78n9mEJBavwg==",
      "dependencies": [
        "@gar/promise-retry",
        "@npmcli/git@7.0.2",
        "@npmcli/installed-package-contents",
        "@npmcli/package-json@7.0.5",
        "@npmcli/promise-spawn@9.0.1",
        "@npmcli/run-script",
        "cacache",
        "fs-minipass",
        "minipass@7.1.3",
        "npm-package-arg@13.0.2",
        "npm-packlist",
        "npm-pick-manifest@11.0.3",
        "npm-registry-fetch",
        "proc-log@6.1.0",
        "sigstore",
        "ssri",
        "tar"
      ],
      "bin": true
    },
    "parse-conflict-json@5.0.1": {
      "integrity": "sha512-ZHEmNKMq1wyJXNwLxyHnluPfRAFSIliBvbK/UiOceROt4Xh9Pz0fq49NytIaeaCUf5VR86hwQ/34FCcNU5/LKQ==",
      "dependencies": [
        "json-parse-even-better-errors@5.0.0",
        "just-diff",
        "just-diff-apply"
      ]
    },
    "path-scurry@2.0.2": {
      "integrity": "sha512-3O/iVVsJAPsOnpwWIeD+d6z/7PmqApyQePUtCndjatj/9I5LylHvt5qluFaBT3I5h3r1ejfR056c+FCv+NnNXg==",
      "dependencies": [
        "lru-cache",
        "minipass@7.1.3"
      ]
    },
    "picomatch@4.0.7": {
      "integrity": "sha512-qcJu88Q2IWqJsDD529JKMdwGm/dvInW4HvQnRwiH9JtihJvzGOscDtHE3x1pBKeUOTysQ8kVmLnJ2kJu7yhcGA=="
    },
    "postcss-selector-parser@7.1.6": {
      "integrity": "sha512-7qASPzhKF2l2KLboRZux8CCTRMdGiV08vWmyKzPz22qZ7ZjQBOeY7rNzNoCLSUiftJ7HUq0GERHmxw/t0dCdMw==",
      "dependencies": [
        "cssesc",
        "util-deprecate"
      ]
    },
    "proc-log@6.1.0": {
      "integrity": "sha512-iG+GYldRf2BQ0UDUAd6JQ/RwzaQy6mXmsk/IzlYyal4A4SNFw54MeH4/tLkF4I5WoWG9SQwuqWzS99jaFQHBuQ=="
    },
    "proc-log@7.0.0": {
      "integrity": "sha512-FYgfaA69XZ93zaXLoMNQ+ViDXGGBgR8aLh03txzcFhV+9xOXx7+8DLCULrKKpR9+GsH9ZfHm82aSUPpozX0Ztg=="
    },
    "proggy@4.0.0": {
      "integrity": "sha512-MbA4R+WQT76ZBm/5JUpV9yqcJt92175+Y0Bodg3HgiXzrmKu7Ggq+bpn6y6wHH+gN9NcyKn3yg1+d47VaKwNAQ=="
    },
    "promise-all-reject-late@1.0.1": {
      "integrity": "sha512-vuf0Lf0lOxyQREH7GDIOUMLS7kz+gs8i6B+Yi8dC68a2sychGrHTJYghMBD6k7eUcH0H5P73EckCA48xijWqXw=="
    },
    "promise-call-limit@3.0.2": {
      "integrity": "sha512-mRPQO2T1QQVw11E7+UdCJu7S61eJVWknzml9sC1heAdj1jxl0fWMBypIt9ZOcLFf8FkG995ZD7RnVk7HH72fZw=="
    },
    "read-cmd-shim@6.0.0": {
      "integrity": "sha512-1zM5HuOfagXCBWMN83fuFI/x+T/UhZ7k+KIzhrHXcQoeX5+7gmaDYjELQHmmzIodumBHeByBJT4QYS7ufAgs7A=="
    },
    "safer-buffer@2.1.2": {
      "integrity": "sha512-YZo3K82SD7Riyi0E1EQPojLz7kpepnSQI9IyPbHHg1XXXevb5dJI7tpyN2ADxGcQbHG7vcyRHk0cbwqcQriUtg=="
    },
    "semver@7.8.5": {
      "integrity": "sha512-Y7/KDsb8LjooZpwaqGyulO6DQlksgCncchHGk+sZIY4SBvUocMBEFH5Ur1fI4dV+Jvl0w6cjvucaIi40puRioA==",
      "bin": true
    },
    "signal-exit@4.1.0": {
      "integrity": "sha512-bzyZ1e88w9O1iNJbKnOlvYTrWPDl46O1bG0D3XInv+9tkPrxrN8jUUTiFlDkkmKWgn1M6CfIA13SuGqOa9Korw=="
    },
    "sigstore@4.1.1": {
      "integrity": "sha512-endqECJkfhozrXMK5ngu/UAA0xVcVEFdnHJCElGaExypjW+HK5i6zu3NteLoaX/iFbRUbC3+DjttQs0GARr+5w==",
      "dependencies": [
        "@sigstore/bundle",
        "@sigstore/core",
        "@sigstore/protobuf-specs",
        "@sigstore/sign",
        "@sigstore/tuf",
        "@sigstore/verify"
      ]
    },
    "smart-buffer@4.2.0": {
      "integrity": "sha512-94hK0Hh8rPqQl2xXc3HsaBoOXKV20MToPkcXvwbISWLEs+64sBq5kFgn2kJDHb1Pry9yrP0dxrCI9RRci7RXKg=="
    },
    "socks-proxy-agent@8.0.5": {
      "integrity": "sha512-HehCEsotFqbPW9sJ8WVYB6UbmIMv7kUUORIF2Nncq4VQvBfNBLibW9YZR5dlYCSUhwcD628pRllm7n+E+YTzJw==",
      "dependencies": [
        "agent-base",
        "debug",
        "socks"
      ]
    },
    "socks@2.8.10": {
      "integrity": "sha512-e0VyvkVTwVYViNovRkZ9aodhxVlyoMn7eJhVUPxZ+eK9P/7CBkxvvsBOHqFPEH416726W8tLXXXjKwqgTErrCQ==",
      "dependencies": [
        "ip-address",
        "smart-buffer"
      ]
    },
    "spdx-compare@1.0.0": {
      "integrity": "sha512-C1mDZOX0hnu0ep9dfmuoi03+eOdDoz2yvK79RxbcrVEG1NO1Ph35yW102DHWKN4pk80nwCgeMmSY5L25VE4D9A==",
      "dependencies": [
        "array-find-index",
        "spdx-expression-parse@3.0.1",
        "spdx-ranges"
      ]
    },
    "spdx-correct@3.2.0": {
      "integrity": "sha512-kN9dJbvnySHULIluDHy32WHRUu3Og7B9sbY7tsFLctQkIqnMh3hErYgdMjTYuqmcXX+lK5T1lnUt3G7zNswmZA==",
      "dependencies": [
        "spdx-expression-parse@3.0.1",
        "spdx-license-ids"
      ]
    },
    "spdx-exceptions@2.5.0": {
      "integrity": "sha512-PiU42r+xO4UbUS1buo3LPJkjlO7430Xn5SVAhdpzzsPHsjbYVflnnFdATgabnLude+Cqu25p6N+g2lw/PFsa4w=="
    },
    "spdx-expression-parse@3.0.1": {
      "integrity": "sha512-cbqHunsQWnJNE6KhVSMsMeH5H/L9EpymbzqTQ3uLwNCLZ1Q481oWaofqH7nO6V07xlXwY6PhQdQ2IedWx/ZK4Q==",
      "dependencies": [
        "spdx-exceptions",
        "spdx-license-ids"
      ]
    },
    "spdx-expression-parse@4.0.0": {
      "integrity": "sha512-Clya5JIij/7C6bRR22+tnGXbc4VKlibKSVj2iHvVeX5iMW7s1SIQlqu699JkODJJIhh/pUu8L0/VLh8xflD+LQ==",
      "dependencies": [
        "spdx-exceptions",
        "spdx-license-ids"
      ]
    },
    "spdx-license-ids@3.0.24": {
      "integrity": "sha512-cLS9TtWkIQFyLkJ3/5aFQAOHOSKTlOs/7WDut/XPSdjom1fJhUdkepeJAKXa9Y05+FabHd0sti+Et559vDtkpQ=="
    },
    "spdx-ranges@2.1.1": {
      "integrity": "sha512-mcdpQFV7UDAgLpXEE/jOMqvK4LBoO0uTQg0uvXUewmEFhpiZx5yJSZITHB8w1ZahKdhfZqP5GPEOKLyEq5p8XA=="
    },
    "spdx-satisfies@6.0.0": {
      "integrity": "sha512-oOWQocnRbFVtBnBITfFgzjhnOklHossTvI+6C1hB2slvp3HgTsfru5wuo8HY2rQpwSm5JuIhNzIuqOfR5IuojQ==",
      "dependencies": [
        "spdx-compare",
        "spdx-expression-parse@3.0.1",
        "spdx-ranges"
      ]
    },
    "ssri@13.0.1": {
      "integrity": "sha512-QUiRf1+u9wPTL/76GTYlKttDEBWV1ga9ZXW8BG6kfdeyyM8LGPix9gROyg9V2+P0xNyF3X2Go526xKFdMZrHSQ==",
      "dependencies": [
        "minipass@7.1.3"
      ]
    },
    "tar@7.5.22": {
      "integrity": "sha512-MFO/QzvtAOmJbkhOaCTvbGcFN9L9b+JunIsDwaKljSOdcLMea3NJ1k9Usz/rjdfSXTq4dfzfeS7W4p4YOAAHeA==",
      "dependencies": [
        "@isaacs/fs-minipass",
        "chownr",
        "minipass@7.1.3",
        "minizlib",
        "yallist@5.0.0"
      ]
    },
    "tinyglobby@0.2.17": {
      "integrity": "sha512-wXR/dYpcqKmfWpEdZjiKJOwCNFndD0DMnrW/cYjVGttEkBfVgcLFHoNrlj47mjOVic9yyNu65alsgF4NQyTa2g==",
      "dependencies": [
        "fdir",
        "picomatch"
      ]
    },
    "treeify@1.1.0": {
      "integrity": "sha512-1m4RA7xVAJrSGrrXGs0L3YTwyvBs2S8PbRHaLZAkFw7JR8oIFwYtysxlBZhYIa7xSyiYJKZ3iGrrk55cGA3i9A=="
    },
    "treeverse@3.0.0": {
      "integrity": "sha512-gcANaAnd2QDZFmHFEOF4k7uc1J/6a6z3DJMd/QwEyxLoKGiptJRwid582r7QIsFlFMIZ3SnxfS52S4hm2DHkuQ=="
    },
    "tuf-js@4.1.0": {
      "integrity": "sha512-50QV99kCKH5P/Vs4E2Gzp7BopNV+KzTXqWeaxrfu5IQJBOULRsTIS9seSsOVT8ZnGXzCyx55nYWAi4qJzpZKEQ==",
      "dependencies": [
        "@tufjs/models",
        "debug",
        "make-fetch-happen"
      ]
    },
    "undici@6.29.0": {
      "integrity": "sha512-R+RODBqp6i2pPflGdq+xIOUkl+RNfGgHwoinecKu/JCuf2uO06cOKoDbI2P7Dn6KcswdKwrczbU6IYJ6K8X+wg=="
    },
    "util-deprecate@1.0.2": {
      "integrity": "sha512-EPD5q1uXyFxJpCrLnCc1nHnq3gOa6DZBocAIiI2TaSCA7VCJ1UJDMagCzIkXNsUYfD1daK//LTEQ8xiIbrHtcw=="
    },
    "validate-npm-package-name@7.0.2": {
      "integrity": "sha512-hVDIBwsRruT73PbK7uP5ebUt+ezEtCmzZz3F59BSr2F6OVFnJ/6h8liuvdLrQ88Xmnk6/+xGGuq+pG9WwTuy3A=="
    },
    "validate-npm-package-name@8.0.0": {
      "integrity": "sha512-SCv6OOV6Xj2/3cXy3dGmADluJTNcL3o7hZAglNPTe+WYuEuvxgJzxPrSDLZhF+CwyQOubqgecjMmTJGMVLWjYQ=="
    },
    "walk-up-path@4.0.0": {
      "integrity": "sha512-3hu+tD8YzSLGuFYtPRb48vdhKMi0KQV5sn+uWr8+7dMEq/2G/dtLrdDinkLjqq5TIbIBjYJ4Ax/n3YiaW7QM8A=="
    },
    "which@6.0.1": {
      "integrity": "sha512-oGLe46MIrCRqX7ytPUf66EAYvdeMIZYn3WaocqqKZAxrBpkqHfL/qvTyJ/bTk5+AqHCjXmrv3CEWgy368zhRUg==",
      "dependencies": [
        "isexe"
      ],
      "bin": true
    },
    "which@7.0.0": {
      "integrity": "sha512-RancgH2dmbLdHl6LRhEqvklWMgl/Hdnun0Y90KhBOLkMefg8Qa7/Zel8Sm+8HEcP6DEjzsWzpkuBQEZok58isA==",
      "dependencies": [
        "isexe"
      ],
      "bin": true
    },
    "write-file-atomic@7.0.1": {
      "integrity": "sha512-OTIk8iR8/aCRWBqvxrzxR0hgxWpnYBblY1S5hDWBQfk/VFmJwzmJgQFN3WsoUKHISv2eAwe+PpbUzyL1CKTLXg==",
      "dependencies": [
        "signal-exit"
      ]
    },
    "yallist@4.0.0": {
      "integrity": "sha512-3wdGidZyq5PB084XLES5TpOSRA3wjXAlIWMhum2kRcv/41Sn2emQ0dycQW4uZXLejwKvg6EsvbdlVL+FYEct7A=="
    },
    "yallist@5.0.0": {
      "integrity": "sha512-YgvUTfwqyc7UXVMrB+SImsVYSmTS8X/tSrtdNZMImM+n7+QTriRXyXim0mBrTXNeqzVF0KWGgHPeiyViFFrNDw=="
    }
  }
}
